
Microsoft Visual Studio Solution File, Format Version 12.00
# Visual Studio Version 16
VisualStudioVersion = 16.0.29306.81
MinimumVisualStudioVersion = 10.0.40219.1
Project("{FAE04EC0-301F-11D3-BF4B-00C04F79EFBC}") = "MCO_368_Fall1", "MCO_368_Fall1\MCO_368_Fall1.csproj", "{CB80B8C7-A3EF-425E-BEF1-7BDDA950450B}"
EndProject
Project("{FAE04EC0-301F-11D3-BF4B-00C04F79EFBC}") = "MathLibTest", "MathLibTest\MathLibTest.csproj", "{1D6083CA-9F58-4073-8BA3-2B35F0C487DC}"
EndProject
Project("{FAE04EC0-301F-11D3-BF4B-00C04F79EFBC}") = "MathLib", "MathLib\MathLib.csproj", "{2B7C0DC0-80D8-4CF2-92FE-BB05BFAF72E2}"
EndProject
Global
	GlobalSection(SolutionConfigurationPlatforms) = preSolution
		Debug|Any CPU = Debug|Any CPU
		Release|Any CPU = Release|Any CPU
	EndGlobalSection
	GlobalSection(ProjectConfigurationPlatforms) = postSolution
		{CB80B8C7-A3EF-425E-BEF1-7BDDA950450B}.Debug|Any CPU.ActiveCfg = Debug|Any CPU
		{CB80B8C7-A3EF-425E-BEF1-7BDDA950450B}.Debug|Any CPU.Build.0 = Debug|Any CPU
		{CB80B8C7-A3EF-425E-BEF1-7BDDA950450B}.Release|Any CPU.ActiveCfg = Release|Any CPU
		{CB80B8C7-A3EF-425E-BEF1-7BDDA950450B}.Release|Any CPU.Build.0 = Release|Any CPU
		{1D6083CA-9F58-4073-8BA3-2B35F0C487DC}.Debug|Any CPU.ActiveCfg = Debug|Any CPU
		{1D6083CA-9F58-4073-8BA3-2B35F0C487DC}.Debug|Any CPU.Build.0 = Debug|Any CPU
		{1D6083CA-9F58-4073-8BA3-2B35F0C487DC}.Release|Any CPU.ActiveCfg = Release|Any CPU
		{1D6083CA-9F58-4073-8BA3-2B35F0C487DC}.Release|Any CPU.Build.0 = Release|Any CPU
		{2B7C0DC0-80D8-4CF2-92FE-BB05BFAF72E2}.Debug|Any CPU.ActiveCfg = Debug|Any CPU
		{2B7C0DC0-80D8-4CF2-92FE-BB05BFAF72E2}.Debug|Any CPU.Build.0 = Debug|Any CPU
		{2B7C0DC0-80D8-4CF2-92FE-BB05BFAF72E2}.Release|Any CPU.ActiveCfg = Release|Any CPU
		{2B7C0DC0-80D8-4CF2-92FE-BB05BFAF72E2}.Release|Any CPU.Build.0 = Release|Any CPU
	EndGlobalSection
	GlobalSection(SolutionProperties) = preSolution
		HideSolutionNode = FALSE
	EndGlobalSection
	GlobalSection(ExtensibilityGlobals) = postSolution
		SolutionGuid = {A84EB144-B718-485C-AA1F-4664463C7347}
	EndGlobalSection
EndGlobal
